// !$*UTF8*$!
{
	archiveVersion = 1;
	classes = {
	};
	objectVersion = 50;
	objects = {

/* Begin PBXBuildFile section */
		A73068E6247E2A4D002C2E88 /* AppDelegate.swift in Sources */ = {isa = PBXBuildFile; fileRef = A73068E5247E2A4D002C2E88 /* AppDelegate.swift */; };
		A73068E8247E2A4D002C2E88 /* SceneDelegate.swift in Sources */ = {isa = PBXBuildFile; fileRef = A73068E7247E2A4D002C2E88 /* SceneDelegate.swift */; };
		A73068EA247E2A4D002C2E88 /* ContentView.swift in Sources */ = {isa = PBXBuildFile; fileRef = A73068E9247E2A4D002C2E88 /* ContentView.swift */; };
		A73068EC247E2A4E002C2E88 /* Assets.xcassets in Resources */ = {isa = PBXBuildFile; fileRef = A73068EB247E2A4E002C2E88 /* Assets.xcassets */; };
		A73068EF247E2A4E002C2E88 /* Preview Assets.xcassets in Resources */ = {isa = PBXBuildFile; fileRef = A73068EE247E2A4E002C2E88 /* Preview Assets.xcassets */; };
		A73068F2247E2A4E002C2E88 /* LaunchScreen.storyboard in Resources */ = {isa = PBXBuildFile; fileRef = A73068F0247E2A4E002C2E88 /* LaunchScreen.storyboard */; };
		A73068FB247E2D7E002C2E88 /* MermonyGame.swift in Sources */ = {isa = PBXBuildFile; fileRef = A73068FA247E2D7E002C2E88 /* MermonyGame.swift */; };
		A73068FD247E2E4D002C2E88 /* EmojiMemoryGame.swift in Sources */ = {isa = PBXBuildFile; fileRef = A73068FC247E2E4D002C2E88 /* EmojiMemoryGame.swift */; };
/* End PBXBuildFile section */

/* Begin PBXFileReference section */
		A73068E2247E2A4D002C2E88 /* CS193pMemorize.app */ = {isa = PBXFileReference; explicitFileType = wrapper.application; includeInIndex = 0; path = CS193pMemorize.app; sourceTree = BUILT_PRODUCTS_DIR; };
		A73068E5247E2A4D002C2E88 /* AppDelegate.swift */ = {isa = PBXFileReference; lastKnownFileType = sourcecode.swift; path = AppDelegate.swift; sourceTree = "<group>"; };
		A73068E7247E2A4D002C2E88 /* SceneDelegate.swift */ = {isa = PBXFileReference; lastKnownFileType = sourcecode.swift; path = SceneDelegate.swift; sourceTree = "<group>"; };
		A73068E9247E2A4D002C2E88 /* ContentView.swift */ = {isa = PBXFileReference; lastKnownFileType = sourcecode.swift; path = ContentView.swift; sourceTree = "<group>"; };
		A73068EB247E2A4E002C2E88 /* Assets.xcassets */ = {isa = PBXFileReference; lastKnownFileType = folder.assetcatalog; path = Assets.xcassets; sourceTree = "<group>"; };
		A73068EE247E2A4E002C2E88 /* Preview Assets.xcassets */ = {isa = PBXFileReference; lastKnownFileType = folder.assetcatalog; path = "Preview Assets.xcassets"; sourceTree = "<group>"; };
		A73068F1247E2A4E002C2E88 /* Base */ = {isa = PBXFileReference; lastKnownFileType = file.storyboard; name = Base; path = Base.lproj/LaunchScreen.storyboard; sourceTree = "<group>"; };
		A73068F3247E2A4F002C2E88 /* Info.plist */ = {isa = PBXFileReference; lastKnownFileType = text.plist.xml; path = Info.plist; sourceTree = "<group>"; };
		A73068F9247E2A8B002C2E88 /* README.md */ = {isa = PBXFileReference; lastKnownFileType = net.daringfireball.markdown; path = README.md; sourceTree = "<group>"; };
		A73068FA247E2D7E002C2E88 /* MermonyGame.swift */ = {isa = PBXFileReference; lastKnownFileType = sourcecode.swift; path = MermonyGame.swift; sourceTree = "<group>"; };
		A73068FC247E2E4D002C2E88 /* EmojiMemoryGame.swift */ = {isa = PBXFileReference; lastKnownFileType = sourcecode.swift; path = EmojiMemoryGame.swift; sourceTree = "<group>"; };
/* End PBXFileReference section */

/* Begin PBXFrameworksBuildPhase section */
		A73068DF247E2A4D002C2E88 /* Frameworks */ = {
			isa = PBXFrameworksBuildPhase;
			buildActionMask = 2147483647;
			files = (
			);
			runOnlyForDeploymentPostprocessing = 0;
		};
/* End PBXFrameworksBuildPhase section */

/* Begin PBXGroup section */
		A73068D9247E2A4D002C2E88 = {
			isa = PBXGroup;
			children = (
				A73068F9247E2A8B002C2E88 /* README.md */,
				A73068E4247E2A4D002C2E88 /* CS193pMemorize */,
				A73068E3247E2A4D002C2E88 /* Products */,
			);
			sourceTree = "<group>";
		};
		A73068E3247E2A4D002C2E88 /* Products */ = {
			isa = PBXGroup;
			children = (
				A73068E2247E2A4D002C2E88 /* CS193pMemorize.app */,
			);
			name = Products;
			sourceTree = "<group>";
		};
		A73068E4247E2A4D002C2E88 /* CS193pMemorize */ = {
			isa = PBXGroup;
			children = (
				A73068E5247E2A4D002C2E88 /* AppDelegate.swift */,
				A73068E7247E2A4D002C2E88 /* SceneDelegate.swift */,
				A73068E9247E2A4D002C2E88 /* ContentView.swift */,
				A73068FA247E2D7E002C2E88 /* MermonyGame.swift */,
				A73068FC247E2E4D002C2E88 /* EmojiMemoryGame.swift */,
				A73068EB247E2A4E002C2E88 /* Assets.xcassets */,
				A73068F0247E2A4E002C2E88 /* LaunchScreen.storyboard */,
				A73068F3247E2A4F002C2E88 /* Info.plist */,
				A73068ED247E2A4E002C2E88 /* Preview Content */,
			);
			path = CS193pMemorize;
			sourceTree = "<group>";
		};
		A73068ED247E2A4E002C2E88 /* Preview Content */ = {
			isa = PBXGroup;
			children = (
				A73068EE247E2A4E002C2E88 /* Preview Assets.xcassets */,
			);
			path = "Preview Content";
			sourceTree = "<group>";
		};
/* End PBXGroup section */

/* Begin PBXNativeTarget section */
		A73068E1247E2A4D002C2E88 /* CS193pMemorize */ = {
			isa = PBXNativeTarget;
			buildConfigurationList = A73068F6247E2A4F002C2E88 /* Build configuration list for PBXNativeTarget "CS193pMemorize" */;
			buildPhases = (
				A73068DE247E2A4D002C2E88 /* Sources */,
				A73068DF247E2A4D002C2E88 /* Frameworks */,
				A73068E0247E2A4D002C2E88 /* Resources */,
			);
			buildRules = (
			);
			dependencies = (
			);
			name = CS193pMemorize;
			productName = CS193pMemorize;
			productReference = A73068E2247E2A4D002C2E88 /* CS193pMemorize.app */;
			productType = "com.apple.product-type.application";
		};
/* End PBXNativeTarget section */

/* Begin PBXProject section */
		A73068DA247E2A4D002C2E88 /* Project object */ = {
			isa = PBXProject;
			attributes = {
				LastSwiftUpdateCheck = 1150;
				LastUpgradeCheck = 1150;
				ORGANIZATIONNAME = "游宗諭";
				TargetAttributes = {
					A73068E1247E2A4D002C2E88 = {
						CreatedOnToolsVersion = 11.5;
					};
				};
			};
			buildConfigurationList = A73068DD247E2A4D002C2E88 /* Build configuration list for PBXProject "CS193pMemorize" */;
			compatibilityVersion = "Xcode 9.3";
			developmentRegion = en;
			hasScannedForEncodings = 0;
			knownRegions = (
				en,
				Base,
			);
			mainGroup = A73068D9247E2A4D002C2E88;
			productRefGroup = A73068E3247E2A4D002C2E88 /* Products */;
			projectDirPath = "";
			projectRoot = "";
			targets = (
				A73068E1247E2A4D002C2E88 /* CS193pMemorize */,
			);
		};
/* End PBXProject section */

/* Begin PBXResourcesBuildPhase section */
		A73068E0247E2A4D002C2E88 /* Resources */ = {
			isa = PBXResourcesBuildPhase;
			buildActionMask = 2147483647;
			files = (
				A73068F2247E2A4E002C2E88 /* LaunchScreen.storyboard in Resources */,
				A73068EF247E2A4E002C2E88 /* Preview Assets.xcassets in Resources */,
				A73068EC247E2A4E002C2E88 /* Assets.xcassets in Resources */,
			);
			runOnlyForDeploymentPostprocessing = 0;
		};
/* End PBXResourcesBuildPhase section */

/* Begin PBXSourcesBuildPhase section */
		A73068DE247E2A4D002C2E88 /* Sources */ = {
			isa = PBXSourcesBuildPhase;
			buildActionMask = 2147483647;
			files = (
				A73068E6247E2A4D002C2E88 /* AppDelegate.swift in Sources */,
				A73068FB247E2D7E002C2E88 /* MermonyGame.swift in Sources */,
				A73068E8247E2A4D002C2E88 /* SceneDelegate.swift in Sources */,
				A73068EA247E2A4D002C2E88 /* ContentView.swift in Sources */,
				A73068FD247E2E4D002C2E88 /* EmojiMemoryGame.swift in Sources */,
			);
			runOnlyForDeploymentPostprocessing = 0;
		};
/* End PBXSourcesBuildPhase section */

/* Begin PBXVariantGroup section */
		A73068F0247E2A4E002C2E88 /* LaunchScreen.storyboard */ = {
			isa = PBXVariantGroup;
			children = (
				A73068F1247E2A4E002C2E88 /* Base */,
			);
			name = LaunchScreen.storyboard;
			sourceTree = "<group>";
		};
/* End PBXVariantGroup section */

/* Begin XCBuildConfiguration section */
		A73068F4247E2A4F002C2E88 /* Debug */ = {
			isa = XCBuildConfiguration;
			buildSettings = {
				ALWAYS_SEARCH_USER_PATHS = NO;
				CLANG_ANALYZER_NONNULL = YES;
				CLANG_ANALYZER_NUMBER_OBJECT_CONVERSION = YES_AGGRESSIVE;
				CLANG_CXX_LANGUAGE_STANDARD = "gnu++14";
				CLANG_CXX_LIBRARY = "libc++";
				CLANG_ENABLE_MODULES = YES;
				CLANG_ENABLE_OBJC_ARC = YES;
				CLANG_ENABLE_OBJC_WEAK = YES;
				CLANG_WARN_BLOCK_CAPTURE_AUTORELEASING = YES;
				CLANG_WARN_BOOL_CONVERSION = YES;
				CLANG_WARN_COMMA = YES;
				CLANG_WARN_CONSTANT_CONVERSION = YES;
				CLANG_WARN_DEPRECATED_OBJC_IMPLEMENTATIONS = YES;
				CLANG_WARN_DIRECT_OBJC_ISA_USAGE = YES_ERROR;
				CLANG_WARN_DOCUMENTATION_COMMENTS = YES;
				CLANG_WARN_EMPTY_BODY = YES;
				CLANG_WARN_ENUM_CONVERSION = YES;
				CLANG_WARN_INFINITE_RECURSION = YES;
				CLANG_WARN_INT_CONVERSION = YES;
				CLANG_WARN_NON_LITERAL_NULL_CONVERSION = YES;
				CLANG_WARN_OBJC_IMPLICIT_RETAIN_SELF = YES;
				CLANG_WARN_OBJC_LITERAL_CONVERSION = YES;
				CLANG_WARN_OBJC_ROOT_CLASS = YES_ERROR;
				CLANG_WARN_RANGE_LOOP_ANALYSIS = YES;
				CLANG_WARN_STRICT_PROTOTYPES = YES;
				CLANG_WARN_SUSPICIOUS_MOVE = YES;
				CLANG_WARN_UNGUARDED_AVAILABILITY = YES_AGGRESSIVE;
				CLANG_WARN_UNREACHABLE_CODE = YES;
				CLANG_WARN__DUPLICATE_METHOD_MATCH = YES;
				COPY_PHASE_STRIP = NO;
				DEBUG_INFORMATION_FORMAT = dwarf;
				ENABLE_STRICT_OBJC_MSGSEND = YES;
				ENABLE_TESTABILITY = YES;
				GCC_C_LANGUAGE_STANDARD = gnu11;
				GCC_DYNAMIC_NO_PIC = NO;
				GCC_NO_COMMON_BLOCKS = YES;
				GCC_OPTIMIZATION_LEVEL = 0;
				GCC_PREPROCESSOR_DEFINITIONS = (
					"DEBUG=1",
					"$(inherited)",
				);
				GCC_WARN_64_TO_32_BIT_CONVERSION = YES;
				GCC_WARN_ABOUT_RETURN_TYPE = YES_ERROR;
				GCC_WARN_UNDECLARED_SELECTOR = YES;
				GCC_WARN_UNINITIALIZED_AUTOS = YES_AGGRESSIVE;
				GCC_WARN_UNUSED_FUNCTION = YES;
				GCC_WARN_UNUSED_VARIABLE = YES;
				IPHONEOS_DEPLOYMENT_TARGET = 13.5;
				MTL_ENABLE_DEBUG_INFO = INCLUDE_SOURCE;
				MTL_FAST_MATH = YES;
				ONLY_ACTIVE_ARCH = YES;
				SDKROOT = iphoneos;
				SWIFT_ACTIVE_COMPILATION_CONDITIONS = DEBUG;
				SWIFT_OPTIMIZATION_LEVEL = "-Onone";
			};
			name = Debug;
		};
		A73068F5247E2A4F002C2E88 /* Release */ = {
			isa = XCBuildConfiguration;
			buildSettings = {
				ALWAYS_SEARCH_USER_PATHS = NO;
				CLANG_ANALYZER_NONNULL = YES;
				CLANG_ANALYZER_NUMBER_OBJECT_CONVERSION = YES_AGGRESSIVE;
				CLANG_CXX_LANGUAGE_STANDARD = "gnu++14";
				CLANG_CXX_LIBRARY = "libc++";
				CLANG_ENABLE_MODULES = YES;
				CLANG_ENABLE_OBJC_ARC = YES;
				CLANG_ENABLE_OBJC_WEAK = YES;
				CLANG_WARN_BLOCK_CAPTURE_AUTORELEASING = YES;
				CLANG_WARN_BOOL_CONVERSION = YES;
				CLANG_WARN_COMMA = YES;
				CLANG_WARN_CONSTANT_CONVERSION = YES;
				CLANG_WARN_DEPRECATED_OBJC_IMPLEMENTATIONS = YES;
				CLANG_WARN_DIRECT_OBJC_ISA_USAGE = YES_ERROR;
				CLANG_WARN_DOCUMENTATION_COMMENTS = YES;
				CLANG_WARN_EMPTY_BODY = YES;
				CLANG_WARN_ENUM_CONVERSION = YES;
				CLANG_WARN_INFINITE_RECURSION = YES;
				CLANG_WARN_INT_CONVERSION = YES;
				CLANG_WARN_NON_LITERAL_NULL_CONVERSION = YES;
				CLANG_WARN_OBJC_IMPLICIT_RETAIN_SELF = YES;
				CLANG_WARN_OBJC_LITERAL_CONVERSION = YES;
				CLANG_WARN_OBJC_ROOT_CLASS = YES_ERROR;
				CLANG_WARN_RANGE_LOOP_ANALYSIS = YES;
				CLANG_WARN_STRICT_PROTOTYPES = YES;
				CLANG_WARN_SUSPICIOUS_MOVE = YES;
				CLANG_WARN_UNGUARDED_AVAILABILITY = YES_AGGRESSIVE;
				CLANG_WARN_UNREACHABLE_CODE = YES;
				CLANG_WARN__DUPLICATE_METHOD_MATCH = YES;
				COPY_PHASE_STRIP = NO;
				DEBUG_INFORMATION_FORMAT = "dwarf-with-dsym";
				ENABLE_NS_ASSERTIONS = NO;
				ENABLE_STRICT_OBJC_MSGSEND = YES;
				GCC_C_LANGUAGE_STANDARD = gnu11;
				GCC_NO_COMMON_BLOCKS = YES;
				GCC_WARN_64_TO_32_BIT_CONVERSION = YES;
				GCC_WARN_ABOUT_RETURN_TYPE = YES_ERROR;
				GCC_WARN_UNDECLARED_SELECTOR = YES;
				GCC_WARN_UNINITIALIZED_AUTOS = YES_AGGRESSIVE;
				GCC_WARN_UNUSED_FUNCTION = YES;
				GCC_WARN_UNUSED_VARIABLE = YES;
				IPHONEOS_DEPLOYMENT_TARGET = 13.5;
				MTL_ENABLE_DEBUG_INFO = NO;
				MTL_FAST_MATH = YES;
				SDKROOT = iphoneos;
				SWIFT_COMPILATION_MODE = wholemodule;
				SWIFT_OPTIMIZATION_LEVEL = "-O";
				VALIDATE_PRODUCT = YES;
			};
			name = Release;
		};
		A73068F7247E2A4F002C2E88 /* Debug */ = {
			isa = XCBuildConfiguration;
			buildSettings = {
				ASSETCATALOG_COMPILER_APPICON_NAME = AppIcon;
				CODE_SIGN_STYLE = Automatic;
				DEVELOPMENT_ASSET_PATHS = "\"CS193pMemorize/Preview Content\"";
				DEVELOPMENT_TEAM = 3AMPL46LPV;
				ENABLE_PREVIEWS = YES;
				INFOPLIST_FILE = CS193pMemorize/Info.plist;
				LD_RUNPATH_SEARCH_PATHS = (
					"$(inherited)",
					"@executable_path/Frameworks",
				);
				PRODUCT_BUNDLE_IDENTIFIER = com.ytyubox.CS193pMemorize;
				PRODUCT_NAME = "$(TARGET_NAME)";
				SWIFT_VERSION = 5.0;
				TARGETED_DEVICE_FAMILY = "1,2";
			};
			name = Debug;
		};
		A73068F8247E2A4F002C2E88 /* Release */ = {
			isa = XCBuildConfiguration;
			buildSettings = {
				ASSETCATALOG_COMPILER_APPICON_NAME = AppIcon;
				CODE_SIGN_STYLE = Automatic;
				DEVELOPMENT_ASSET_PATHS = "\"CS193pMemorize/Preview Content\"";
				DEVELOPMENT_TEAM = 3AMPL46LPV;
				ENABLE_PREVIEWS = YES;
				INFOPLIST_FILE = CS193pMemorize/Info.plist;
				LD_RUNPATH_SEARCH_PATHS = (
					"$(inherited)",
					"@executable_path/Frameworks",
				);
				PRODUCT_BUNDLE_IDENTIFIER = com.ytyubox.CS193pMemorize;
				PRODUCT_NAME = "$(TARGET_NAME)";
				SWIFT_VERSION = 5.0;
				TARGETED_DEVICE_FAMILY = "1,2";
			};
			name = Release;
		};
/* End XCBuildConfiguration section */

/* Begin XCConfigurationList section */
		A73068DD247E2A4D002C2E88 /* Build configuration list for PBXProject "CS193pMemorize" */ = {
			isa = XCConfigurationList;
			buildConfigurations = (
				A73068F4247E2A4F002C2E88 /* Debug */,
				A73068F5247E2A4F002C2E88 /* Release */,
			);
			defaultConfigurationIsVisible = 0;
			defaultConfigurationName = Release;
		};
		A73068F6247E2A4F002C2E88 /* Build configuration list for PBXNativeTarget "CS193pMemorize" */ = {
			isa = XCConfigurationList;
			buildConfigurations = (
				A73068F7247E2A4F002C2E88 /* Debug */,
				A73068F8247E2A4F002C2E88 /* Release */,
			);
			defaultConfigurationIsVisible = 0;
			defaultConfigurationName = Release;
		};
/* End XCConfigurationList section */
	};
	rootObject = A73068DA247E2A4D002C2E88 /* Project object */;
}
